// !$*UTF8*$!
{
	archiveVersion = 1;
	classes = {
	};
	objectVersion = 56;
	objects = {

/* Begin PBXBuildFile section */
		8DDE16DA2B51465B00E9C338 /* BlackGoalsApp.swift in Sources */ = {isa = PBXBuildFile; fileRef = 8DDE16D92B51465B00E9C338 /* BlackGoalsApp.swift */; };
		8DDE16DC2B51465B00E9C338 /* ContentView.swift in Sources */ = {isa = PBXBuildFile; fileRef = 8DDE16DB2B51465B00E9C338 /* ContentView.swift */; };
		8DDE16DE2B51465C00E9C338 /* Assets.xcassets in Resources */ = {isa = PBXBuildFile; fileRef = 8DDE16DD2B51465C00E9C338 /* Assets.xcassets */; };
		8DDE16E12B51465C00E9C338 /* Preview Assets.xcassets in Resources */ = {isa = PBXBuildFile; fileRef = 8DDE16E02B51465C00E9C338 /* Preview Assets.xcassets */; };
		8DDE17072B5146FB00E9C338 /* GoalsModel.swift in Sources */ = {isa = PBXBuildFile; fileRef = 8DDE17062B5146FB00E9C338 /* GoalsModel.swift */; };
		8DDE17092B51471400E9C338 /* GoalsViewModel.swift in Sources */ = {isa = PBXBuildFile; fileRef = 8DDE17082B51471400E9C338 /* GoalsViewModel.swift */; };
		8DDE170B2B51472B00E9C338 /* AddView.swift in Sources */ = {isa = PBXBuildFile; fileRef = 8DDE170A2B51472B00E9C338 /* AddView.swift */; };
		8DDE170D2B51473800E9C338 /* SuccessfulView.swift in Sources */ = {isa = PBXBuildFile; fileRef = 8DDE170C2B51473800E9C338 /* SuccessfulView.swift */; };
		8DDE170F2B5147C700E9C338 /* Launch Screen.storyboard in Resources */ = {isa = PBXBuildFile; fileRef = 8DDE170E2B5147C700E9C338 /* Launch Screen.storyboard */; };
/* End PBXBuildFile section */

/* Begin PBXFileReference section */
		8DDE16D62B51465B00E9C338 /* BlackGoals.app */ = {isa = PBXFileReference; explicitFileType = wrapper.application; includeInIndex = 0; path = BlackGoals.app; sourceTree = BUILT_PRODUCTS_DIR; };
		8DDE16D92B51465B00E9C338 /* BlackGoalsApp.swift */ = {isa = PBXFileReference; lastKnownFileType = sourcecode.swift; path = BlackGoalsApp.swift; sourceTree = "<group>"; };
		8DDE16DB2B51465B00E9C338 /* ContentView.swift */ = {isa = PBXFileReference; lastKnownFileType = sourcecode.swift; path = ContentView.swift; sourceTree = "<group>"; };
		8DDE16DD2B51465C00E9C338 /* Assets.xcassets */ = {isa = PBXFileReference; lastKnownFileType = folder.assetcatalog; path = Assets.xcassets; sourceTree = "<group>"; };
		8DDE16E02B51465C00E9C338 /* Preview Assets.xcassets */ = {isa = PBXFileReference; lastKnownFileType = folder.assetcatalog; path = "Preview Assets.xcassets"; sourceTree = "<group>"; };
		8DDE17062B5146FB00E9C338 /* GoalsModel.swift */ = {isa = PBXFileReference; lastKnownFileType = sourcecode.swift; path = GoalsModel.swift; sourceTree = "<group>"; };
		8DDE17082B51471400E9C338 /* GoalsViewModel.swift */ = {isa = PBXFileReference; lastKnownFileType = sourcecode.swift; path = GoalsViewModel.swift; sourceTree = "<group>"; };
		8DDE170A2B51472B00E9C338 /* AddView.swift */ = {isa = PBXFileReference; lastKnownFileType = sourcecode.swift; path = AddView.swift; sourceTree = "<group>"; };
		8DDE170C2B51473800E9C338 /* SuccessfulView.swift */ = {isa = PBXFileReference; lastKnownFileType = sourcecode.swift; path = SuccessfulView.swift; sourceTree = "<group>"; };
		8DDE170E2B5147C700E9C338 /* Launch Screen.storyboard */ = {isa = PBXFileReference; lastKnownFileType = file.storyboard; path = "Launch Screen.storyboard"; sourceTree = "<group>"; };
/* End PBXFileReference section */

/* Begin PBXFrameworksBuildPhase section */
		8DDE16D32B51465B00E9C338 /* Frameworks */ = {
			isa = PBXFrameworksBuildPhase;
			buildActionMask = 2147483647;
			files = (
			);
			runOnlyForDeploymentPostprocessing = 0;
		};
/* End PBXFrameworksBuildPhase section */

/* Begin PBXGroup section */
		8DDE16CD2B51465B00E9C338 = {
			isa = PBXGroup;
			children = (
				8DDE16D82B51465B00E9C338 /* BlackGoals */,
				8DDE16D72B51465B00E9C338 /* Products */,
			);
			sourceTree = "<group>";
		};
		8DDE16D72B51465B00E9C338 /* Products */ = {
			isa = PBXGroup;
			children = (
				8DDE16D62B51465B00E9C338 /* BlackGoals.app */,
			);
			name = Products;
			sourceTree = "<group>";
		};
		8DDE16D82B51465B00E9C338 /* BlackGoals */ = {
			isa = PBXGroup;
			children = (
				8DDE17052B51467E00E9C338 /* Model */,
				8DDE17042B51467600E9C338 /* ViewModel */,
				8DDE17032B51466F00E9C338 /* Views */,
				8DDE16D92B51465B00E9C338 /* BlackGoalsApp.swift */,
				8DDE16DD2B51465C00E9C338 /* Assets.xcassets */,
				8DDE16DF2B51465C00E9C338 /* Preview Content */,
				8DDE170E2B5147C700E9C338 /* Launch Screen.storyboard */,
			);
			path = BlackGoals;
			sourceTree = "<group>";
		};
		8DDE16DF2B51465C00E9C338 /* Preview Content */ = {
			isa = PBXGroup;
			children = (
				8DDE16E02B51465C00E9C338 /* Preview Assets.xcassets */,
			);
			path = "Preview Content";
			sourceTree = "<group>";
		};
		8DDE17032B51466F00E9C338 /* Views */ = {
			isa = PBXGroup;
			children = (
				8DDE16DB2B51465B00E9C338 /* ContentView.swift */,
				8DDE170A2B51472B00E9C338 /* AddView.swift */,
				8DDE170C2B51473800E9C338 /* SuccessfulView.swift */,
			);
			path = Views;
			sourceTree = "<group>";
		};
		8DDE17042B51467600E9C338 /* ViewModel */ = {
			isa = PBXGroup;
			children = (
				8DDE17082B51471400E9C338 /* GoalsViewModel.swift */,
			);
			path = ViewModel;
			sourceTree = "<group>";
		};
		8DDE17052B51467E00E9C338 /* Model */ = {
			isa = PBXGroup;
			children = (
				8DDE17062B5146FB00E9C338 /* GoalsModel.swift */,
			);
			path = Model;
			sourceTree = "<group>";
		};
/* End PBXGroup section */

/* Begin PBXNativeTarget section */
		8DDE16D52B51465B00E9C338 /* BlackGoals */ = {
			isa = PBXNativeTarget;
			buildConfigurationList = 8DDE16FA2B51465C00E9C338 /* Build configuration list for PBXNativeTarget "BlackGoals" */;
			buildPhases = (
				8DDE16D22B51465B00E9C338 /* Sources */,
				8DDE16D32B51465B00E9C338 /* Frameworks */,
				8DDE16D42B51465B00E9C338 /* Resources */,
			);
			buildRules = (
			);
			dependencies = (
			);
			name = BlackGoals;
			productName = BlackGoals;
			productReference = 8DDE16D62B51465B00E9C338 /* BlackGoals.app */;
			productType = "com.apple.product-type.application";
		};
/* End PBXNativeTarget section */

/* Begin PBXProject section */
		8DDE16CE2B51465B00E9C338 /* Project object */ = {
			isa = PBXProject;
			attributes = {
				BuildIndependentTargetsInParallel = 1;
				LastSwiftUpdateCheck = 1520;
				LastUpgradeCheck = 1520;
				TargetAttributes = {
					8DDE16D52B51465B00E9C338 = {
						CreatedOnToolsVersion = 15.2;
					};
				};
			};
			buildConfigurationList = 8DDE16D12B51465B00E9C338 /* Build configuration list for PBXProject "BlackGoals" */;
			compatibilityVersion = "Xcode 14.0";
			developmentRegion = en;
			hasScannedForEncodings = 0;
			knownRegions = (
				en,
				Base,
			);
			mainGroup = 8DDE16CD2B51465B00E9C338;
			productRefGroup = 8DDE16D72B51465B00E9C338 /* Products */;
			projectDirPath = "";
			projectRoot = "";
			targets = (
				8DDE16D52B51465B00E9C338 /* BlackGoals */,
			);
		};
/* End PBXProject section */

/* Begin PBXResourcesBuildPhase section */
		8DDE16D42B51465B00E9C338 /* Resources */ = {
			isa = PBXResourcesBuildPhase;
			buildActionMask = 2147483647;
			files = (
				8DDE170F2B5147C700E9C338 /* Launch Screen.storyboard in Resources */,
				8DDE16E12B51465C00E9C338 /* Preview Assets.xcassets in Resources */,
				8DDE16DE2B51465C00E9C338 /* Assets.xcassets in Resources */,
			);
			runOnlyForDeploymentPostprocessing = 0;
		};
/* End PBXResourcesBuildPhase section */

/* Begin PBXSourcesBuildPhase section */
		8DDE16D22B51465B00E9C338 /* Sources */ = {
			isa = PBXSourcesBuildPhase;
			buildActionMask = 2147483647;
			files = (
				8DDE16DC2B51465B00E9C338 /* ContentView.swift in Sources */,
				8DDE17092B51471400E9C338 /* GoalsViewModel.swift in Sources */,
				8DDE170D2B51473800E9C338 /* SuccessfulView.swift in Sources */,
				8DDE170B2B51472B00E9C338 /* AddView.swift in Sources */,
				8DDE17072B5146FB00E9C338 /* GoalsModel.swift in Sources */,
				8DDE16DA2B51465B00E9C338 /* BlackGoalsApp.swift in Sources */,
			);
			runOnlyForDeploymentPostprocessing = 0;
		};
/* End PBXSourcesBuildPhase section */

/* Begin XCBuildConfiguration section */
		8DDE16F82B51465C00E9C338 /* Debug */ = {
			isa = XCBuildConfiguration;
			buildSettings = {
				ALWAYS_SEARCH_USER_PATHS = NO;
				ASSETCATALOG_COMPILER_GENERATE_SWIFT_ASSET_SYMBOL_EXTENSIONS = YES;
				CLANG_ANALYZER_NONNULL = YES;
				CLANG_ANALYZER_NUMBER_OBJECT_CONVERSION = YES_AGGRESSIVE;
				CLANG_CXX_LANGUAGE_STANDARD = "gnu++20";
				CLANG_ENABLE_MODULES = YES;
				CLANG_ENABLE_OBJC_ARC = YES;
				CLANG_ENABLE_OBJC_WEAK = YES;
				CLANG_WARN_BLOCK_CAPTURE_AUTORELEASING = YES;
				CLANG_WARN_BOOL_CONVERSION = YES;
				CLANG_WARN_COMMA = YES;
				CLANG_WARN_CONSTANT_CONVERSION = YES;
				CLANG_WARN_DEPRECATED_OBJC_IMPLEMENTATIONS = YES;
				CLANG_WARN_DIRECT_OBJC_ISA_USAGE = YES_ERROR;
				CLANG_WARN_DOCUMENTATION_COMMENTS = YES;
				CLANG_WARN_EMPTY_BODY = YES;
				CLANG_WARN_ENUM_CONVERSION = YES;
				CLANG_WARN_INFINITE_RECURSION = YES;
				CLANG_WARN_INT_CONVERSION = YES;
				CLANG_WARN_NON_LITERAL_NULL_CONVERSION = YES;
				CLANG_WARN_OBJC_IMPLICIT_RETAIN_SELF = YES;
				CLANG_WARN_OBJC_LITERAL_CONVERSION = YES;
				CLANG_WARN_OBJC_ROOT_CLASS = YES_ERROR;
				CLANG_WARN_QUOTED_INCLUDE_IN_FRAMEWORK_HEADER = YES;
				CLANG_WARN_RANGE_LOOP_ANALYSIS = YES;
				CLANG_WARN_STRICT_PROTOTYPES = YES;
				CLANG_WARN_SUSPICIOUS_MOVE = YES;
				CLANG_WARN_UNGUARDED_AVAILABILITY = YES_AGGRESSIVE;
				CLANG_WARN_UNREACHABLE_CODE = YES;
				CLANG_WARN__DUPLICATE_METHOD_MATCH = YES;
				COPY_PHASE_STRIP = NO;
				DEBUG_INFORMATION_FORMAT = dwarf;
				ENABLE_STRICT_OBJC_MSGSEND = YES;
				ENABLE_TESTABILITY = YES;
				ENABLE_USER_SCRIPT_SANDBOXING = YES;
				GCC_C_LANGUAGE_STANDARD = gnu17;
				GCC_DYNAMIC_NO_PIC = NO;
				GCC_NO_COMMON_BLOCKS = YES;
				GCC_OPTIMIZATION_LEVEL = 0;
				GCC_PREPROCESSOR_DEFINITIONS = (
					"DEBUG=1",
					"$(inherited)",
				);
				GCC_WARN_64_TO_32_BIT_CONVERSION = YES;
				GCC_WARN_ABOUT_RETURN_TYPE = YES_ERROR;
				GCC_WARN_UNDECLARED_SELECTOR = YES;
				GCC_WARN_UNINITIALIZED_AUTOS = YES_AGGRESSIVE;
				GCC_WARN_UNUSED_FUNCTION = YES;
				GCC_WARN_UNUSED_VARIABLE = YES;
				IPHONEOS_DEPLOYMENT_TARGET = 17.2;
				LOCALIZATION_PREFERS_STRING_CATALOGS = YES;
				MTL_ENABLE_DEBUG_INFO = INCLUDE_SOURCE;
				MTL_FAST_MATH = YES;
				ONLY_ACTIVE_ARCH = YES;
				SDKROOT = iphoneos;
				SWIFT_ACTIVE_COMPILATION_CONDITIONS = "DEBUG $(inherited)";
				SWIFT_OPTIMIZATION_LEVEL = "-Onone";
			};
			name = Debug;
		};
		8DDE16F92B51465C00E9C338 /* Release */ = {
			isa = XCBuildConfiguration;
			buildSettings = {
				ALWAYS_SEARCH_USER_PATHS = NO;
				ASSETCATALOG_COMPILER_GENERATE_SWIFT_ASSET_SYMBOL_EXTENSIONS = YES;
				CLANG_ANALYZER_NONNULL = YES;
				CLANG_ANALYZER_NUMBER_OBJECT_CONVERSION = YES_AGGRESSIVE;
				CLANG_CXX_LANGUAGE_STANDARD = "gnu++20";
				CLANG_ENABLE_MODULES = YES;
				CLANG_ENABLE_OBJC_ARC = YES;
				CLANG_ENABLE_OBJC_WEAK = YES;
				CLANG_WARN_BLOCK_CAPTURE_AUTORELEASING = YES;
				CLANG_WARN_BOOL_CONVERSION = YES;
				CLANG_WARN_COMMA = YES;
				CLANG_WARN_CONSTANT_CONVERSION = YES;
				CLANG_WARN_DEPRECATED_OBJC_IMPLEMENTATIONS = YES;
				CLANG_WARN_DIRECT_OBJC_ISA_USAGE = YES_ERROR;
				CLANG_WARN_DOCUMENTATION_COMMENTS = YES;
				CLANG_WARN_EMPTY_BODY = YES;
				CLANG_WARN_ENUM_CONVERSION = YES;
				CLANG_WARN_INFINITE_RECURSION = YES;
				CLANG_WARN_INT_CONVERSION = YES;
				CLANG_WARN_NON_LITERAL_NULL_CONVERSION = YES;
				CLANG_WARN_OBJC_IMPLICIT_RETAIN_SELF = YES;
				CLANG_WARN_OBJC_LITERAL_CONVERSION = YES;
				CLANG_WARN_OBJC_ROOT_CLASS = YES_ERROR;
				CLANG_WARN_QUOTED_INCLUDE_IN_FRAMEWORK_HEADER = YES;
				CLANG_WARN_RANGE_LOOP_ANALYSIS = YES;
				CLANG_WARN_STRICT_PROTOTYPES = YES;
				CLANG_WARN_SUSPICIOUS_MOVE = YES;
				CLANG_WARN_UNGUARDED_AVAILABILITY = YES_AGGRESSIVE;
				CLANG_WARN_UNREACHABLE_CODE = YES;
				CLANG_WARN__DUPLICATE_METHOD_MATCH = YES;
				COPY_PHASE_STRIP = NO;
				DEBUG_INFORMATION_FORMAT = "dwarf-with-dsym";
				ENABLE_NS_ASSERTIONS = NO;
				ENABLE_STRICT_OBJC_MSGSEND = YES;
				ENABLE_USER_SCRIPT_SANDBOXING = YES;
				GCC_C_LANGUAGE_STANDARD = gnu17;
				GCC_NO_COMMON_BLOCKS = YES;
				GCC_WARN_64_TO_32_BIT_CONVERSION = YES;
				GCC_WARN_ABOUT_RETURN_TYPE = YES_ERROR;
				GCC_WARN_UNDECLARED_SELECTOR = YES;
				GCC_WARN_UNINITIALIZED_AUTOS = YES_AGGRESSIVE;
				GCC_WARN_UNUSED_FUNCTION = YES;
				GCC_WARN_UNUSED_VARIABLE = YES;
				IPHONEOS_DEPLOYMENT_TARGET = 17.2;
				LOCALIZATION_PREFERS_STRING_CATALOGS = YES;
				MTL_ENABLE_DEBUG_INFO = NO;
				MTL_FAST_MATH = YES;
				SDKROOT = iphoneos;
				SWIFT_COMPILATION_MODE = wholemodule;
				VALIDATE_PRODUCT = YES;
			};
			name = Release;
		};
		8DDE16FB2B51465C00E9C338 /* Debug */ = {
			isa = XCBuildConfiguration;
			buildSettings = {
				ASSETCATALOG_COMPILER_APPICON_NAME = AppIcon;
				ASSETCATALOG_COMPILER_GLOBAL_ACCENT_COLOR_NAME = AccentColor;
				CODE_SIGN_STYLE = Automatic;
				CURRENT_PROJECT_VERSION = 1;
				DEVELOPMENT_ASSET_PATHS = "\"BlackGoals/Preview Content\"";
				DEVELOPMENT_TEAM = "";
				ENABLE_PREVIEWS = YES;
				GENERATE_INFOPLIST_FILE = YES;
				INFOPLIST_KEY_CFBundleDisplayName = "Black Goals";
				INFOPLIST_KEY_LSApplicationCategoryType = "public.app-category.utilities";
				INFOPLIST_KEY_UIApplicationSceneManifest_Generation = YES;
				INFOPLIST_KEY_UIApplicationSupportsIndirectInputEvents = YES;
				INFOPLIST_KEY_UILaunchScreen_Generation = YES;
				INFOPLIST_KEY_UILaunchStoryboardName = "Launch Screen.storyboard";
				INFOPLIST_KEY_UISupportedInterfaceOrientations_iPad = "UIInterfaceOrientationPortrait UIInterfaceOrientationPortraitUpsideDown UIInterfaceOrientationLandscapeLeft UIInterfaceOrientationLandscapeRight";
				INFOPLIST_KEY_UISupportedInterfaceOrientations_iPhone = "UIInterfaceOrientationPortrait UIInterfaceOrientationLandscapeLeft UIInterfaceOrientationLandscapeRight";
				IPHONEOS_DEPLOYMENT_TARGET = 17.0;
				LD_RUNPATH_SEARCH_PATHS = (
					"$(inherited)",
					"@executable_path/Frameworks",
				);
				MARKETING_VERSION = 1.0;
				PRODUCT_BUNDLE_IDENTIFIER = com.blackbilly.BlackGoals;
				PRODUCT_NAME = "$(TARGET_NAME)";
				SWIFT_EMIT_LOC_STRINGS = YES;
				SWIFT_VERSION = 5.0;
				TARGETED_DEVICE_FAMILY = "1,2";
			};
			name = Debug;
		};
		8DDE16FC2B51465C00E9C338 /* Release */ = {
			isa = XCBuildConfiguration;
			buildSettings = {
				ASSETCATALOG_COMPILER_APPICON_NAME = AppIcon;
				ASSETCATALOG_COMPILER_GLOBAL_ACCENT_COLOR_NAME = AccentColor;
				CODE_SIGN_STYLE = Automatic;
				CURRENT_PROJECT_VERSION = 1;
				DEVELOPMENT_ASSET_PATHS = "\"BlackGoals/Preview Content\"";
				DEVELOPMENT_TEAM = "";
				ENABLE_PREVIEWS = YES;
				GENERATE_INFOPLIST_FILE = YES;
				INFOPLIST_KEY_CFBundleDisplayName = "Black Goals";
				INFOPLIST_KEY_LSApplicationCategoryType = "public.app-category.utilities";
				INFOPLIST_KEY_UIApplicationSceneManifest_Generation = YES;
				INFOPLIST_KEY_UIApplicationSupportsIndirectInputEvents = YES;
				INFOPLIST_KEY_UILaunchScreen_Generation = YES;
				INFOPLIST_KEY_UILaunchStoryboardName = "Launch Screen.storyboard";
				INFOPLIST_KEY_UISupportedInterfaceOrientations_iPad = "UIInterfaceOrientationPortrait UIInterfaceOrientationPortraitUpsideDown UIInterfaceOrientationLandscapeLeft UIInterfaceOrientationLandscapeRight";
				INFOPLIST_KEY_UISupportedInterfaceOrientations_iPhone = "UIInterfaceOrientationPortrait UIInterfaceOrientationLandscapeLeft UIInterfaceOrientationLandscapeRight";
				IPHONEOS_DEPLOYMENT_TARGET = 17.0;
				LD_RUNPATH_SEARCH_PATHS = (
					"$(inherited)",
					"@executable_path/Frameworks",
				);
				MARKETING_VERSION = 1.0;
				PRODUCT_BUNDLE_IDENTIFIER = com.blackbilly.BlackGoals;
				PRODUCT_NAME = "$(TARGET_NAME)";
				SWIFT_EMIT_LOC_STRINGS = YES;
				SWIFT_VERSION = 5.0;
				TARGETED_DEVICE_FAMILY = "1,2";
			};
			name = Release;
		};
/* End XCBuildConfiguration section */

/* Begin XCConfigurationList section */
		8DDE16D12B51465B00E9C338 /* Build configuration list for PBXProject "BlackGoals" */ = {
			isa = XCConfigurationList;
			buildConfigurations = (
				8DDE16F82B51465C00E9C338 /* Debug */,
				8DDE16F92B51465C00E9C338 /* Release */,
			);
			defaultConfigurationIsVisible = 0;
			defaultConfigurationName = Release;
		};
		8DDE16FA2B51465C00E9C338 /* Build configuration list for PBXNativeTarget "BlackGoals" */ = {
			isa = XCConfigurationList;
			buildConfigurations = (
				8DDE16FB2B51465C00E9C338 /* Debug */,
				8DDE16FC2B51465C00E9C338 /* Release */,
			);
			defaultConfigurationIsVisible = 0;
			defaultConfigurationName = Release;
		};
/* End XCConfigurationList section */
	};
	rootObject = 8DDE16CE2B51465B00E9C338 /* Project object */;
}
